Microsoft Visual Studio Solution File, Format Version 9.00
# Visual Studio 2005
Project("{8BC9CEB8-8B4A-11D0-8D11-00A0C91BC942}") = "llmozlib2", "llmozlib2.vcproj", "{4FF5ACA5-FFC3-3E61-A5CE-20754E4F1731}"
EndProject
Project("{8BC9CEB8-8B4A-11D0-8D11-00A0C91BC942}") = "ubrowser", "tests\ubrowser\ubrowser.vcproj", "{19BBB94E-CC1D-384F-91DF-BB86682F98DA}"
EndProject
Project("{8BC9CEB8-8B4A-11D0-8D11-00A0C91BC942}") = "testgl", "tests\testgl\testgl.vcproj", "{2BB0EAD3-E37A-4FC8-AFC3-F9580C7587A5}"
EndProject
Project("{2150E333-8FDC-42A3-9474-1A3956D46DE8}") = "Solution Items", "Solution Items", "{92F441E9-2D1D-44A5-BE43-F53C6075ED74}"
EndProject
Global
	GlobalSection(SolutionConfigurationPlatforms) = preSolution
		Debug|Win32 = Debug|Win32
		Release|Win32 = Release|Win32
	EndGlobalSection
	GlobalSection(ProjectConfigurationPlatforms) = postSolution
		{4FF5ACA5-FFC3-3E61-A5CE-20754E4F1731}.Debug|Win32.ActiveCfg = Debug|Win32
		{4FF5ACA5-FFC3-3E61-A5CE-20754E4F1731}.Release|Win32.ActiveCfg = Release|Win32
		{19BBB94E-CC1D-384F-91DF-BB86682F98DA}.Debug|Win32.ActiveCfg = Debug|Win32
		{19BBB94E-CC1D-384F-91DF-BB86682F98DA}.Release|Win32.ActiveCfg = Release|Win32
		{2BB0EAD3-E37A-4FC8-AFC3-F9580C7587A5}.Debug|Win32.ActiveCfg = Debug|Win32
		{2BB0EAD3-E37A-4FC8-AFC3-F9580C7587A5}.Debug|Win32.Build.0 = Debug|Win32
		{2BB0EAD3-E37A-4FC8-AFC3-F9580C7587A5}.Release|Win32.ActiveCfg = Release|Win32
		{2BB0EAD3-E37A-4FC8-AFC3-F9580C7587A5}.Release|Win32.Build.0 = Release|Win32
	EndGlobalSection
	GlobalSection(SolutionProperties) = preSolution
		HideSolutionNode = FALSE
	EndGlobalSection
EndGlobal
