// !$*UTF8*$!
{
	archiveVersion = 1;
	classes = {
	};
	objectVersion = 42;
	objects = {

/* Begin PBXBuildFile section */
		99D070310AB0C96700304A3E /* app.cpp in Sources */ = {isa = PBXBuildFile; fileRef = 99D0702F0AB0C96700304A3E /* app.cpp */; };
		99D070320AB0C96700304A3E /* ubrowser.cpp in Sources */ = {isa = PBXBuildFile; fileRef = 99D070300AB0C96700304A3E /* ubrowser.cpp */; };
/* End PBXBuildFile section */

/* Begin PBXFileReference section */
		99D070220AB0C8C800304A3E /* ubrowser.app */ = {isa = PBXFileReference; explicitFileType = wrapper.application; includeInIndex = 0; path = ubrowser.app; sourceTree = BUILT_PRODUCTS_DIR; };
		99D070250AB0C8C800304A3E /* ubrowser-Info.plist */ = {isa = PBXFileReference; lastKnownFileType = text.xml; path = "ubrowser-Info.plist"; sourceTree = "<group>"; };
		99D0702F0AB0C96700304A3E /* app.cpp */ = {isa = PBXFileReference; fileEncoding = 30; lastKnownFileType = sourcecode.cpp.cpp; path = app.cpp; sourceTree = SOURCE_ROOT; };
		99D070300AB0C96700304A3E /* ubrowser.cpp */ = {isa = PBXFileReference; fileEncoding = 30; lastKnownFileType = sourcecode.cpp.cpp; path = ubrowser.cpp; sourceTree = SOURCE_ROOT; };
/* End PBXFileReference section */

/* Begin PBXFrameworksBuildPhase section */
		99D070200AB0C8C800304A3E /* Frameworks */ = {
			isa = PBXFrameworksBuildPhase;
			buildActionMask = 2147483647;
			files = (
			);
			runOnlyForDeploymentPostprocessing = 0;
		};
/* End PBXFrameworksBuildPhase section */

/* Begin PBXGroup section */
		99D070130AB0C8AC00304A3E = {
			isa = PBXGroup;
			children = (
				99D0702B0AB0C95500304A3E /* Source */,
				99D070B80AB0CE6900304A3E /* External Libraries */,
				99D070230AB0C8C800304A3E /* Products */,
				99D070250AB0C8C800304A3E /* ubrowser-Info.plist */,
			);
			sourceTree = "<group>";
		};
		99D070230AB0C8C800304A3E /* Products */ = {
			isa = PBXGroup;
			children = (
				99D070220AB0C8C800304A3E /* ubrowser.app */,
			);
			name = Products;
			sourceTree = "<group>";
		};
		99D0702B0AB0C95500304A3E /* Source */ = {
			isa = PBXGroup;
			children = (
				99D0702F0AB0C96700304A3E /* app.cpp */,
				99D070300AB0C96700304A3E /* ubrowser.cpp */,
			);
			name = Source;
			sourceTree = "<group>";
		};
		99D070B80AB0CE6900304A3E /* External Libraries */ = {
			isa = PBXGroup;
			children = (
			);
			name = "External Libraries";
			sourceTree = "<group>";
		};
/* End PBXGroup section */

/* Begin PBXNativeTarget section */
		99D070210AB0C8C800304A3E /* ubrowser */ = {
			isa = PBXNativeTarget;
			buildConfigurationList = 99D070260AB0C8C900304A3E /* Build configuration list for PBXNativeTarget "ubrowser" */;
			buildPhases = (
				99D0701E0AB0C8C800304A3E /* Resources */,
				99D0701F0AB0C8C800304A3E /* Sources */,
				99D070200AB0C8C800304A3E /* Frameworks */,
				99D070C90AB0D0CB00304A3E /* ShellScript */,
			);
			buildRules = (
			);
			dependencies = (
			);
			name = ubrowser;
			productName = ubrowser;
			productReference = 99D070220AB0C8C800304A3E /* ubrowser.app */;
			productType = "com.apple.product-type.application";
		};
/* End PBXNativeTarget section */

/* Begin PBXProject section */
		99D070150AB0C8AC00304A3E /* Project object */ = {
			isa = PBXProject;
			buildConfigurationList = 99D070160AB0C8AC00304A3E /* Build configuration list for PBXProject "ubrowser" */;
			hasScannedForEncodings = 0;
			mainGroup = 99D070130AB0C8AC00304A3E;
			productRefGroup = 99D070230AB0C8C800304A3E /* Products */;
			projectDirPath = "";
			targets = (
				99D070210AB0C8C800304A3E /* ubrowser */,
			);
		};
/* End PBXProject section */

/* Begin PBXResourcesBuildPhase section */
		99D0701E0AB0C8C800304A3E /* Resources */ = {
			isa = PBXResourcesBuildPhase;
			buildActionMask = 2147483647;
			files = (
			);
			runOnlyForDeploymentPostprocessing = 0;
		};
/* End PBXResourcesBuildPhase section */

/* Begin PBXShellScriptBuildPhase section */
		99D070C90AB0D0CB00304A3E /* ShellScript */ = {
			isa = PBXShellScriptBuildPhase;
			buildActionMask = 2147483647;
			files = (
			);
			inputPaths = (
			);
			outputPaths = (
			);
			runOnlyForDeploymentPostprocessing = 0;
			shellPath = /bin/sh;
			shellScript = "# copy the mozilla and llmozlib runtimes into the application bundle.\n\n# make sure the <bundle>/Contents/MacOS/ directory exists (it may not be there yet on a clean build)\nmkdir -p \"${BUILT_PRODUCTS_DIR}/${PRODUCT_NAME}.app/Contents/MacOS/\"\n\n# Expand the tar file containing the assorted mozilla bits into <bundle>/Contents/MacOS/\ntar -zx -C \"${BUILT_PRODUCTS_DIR}/${PRODUCT_NAME}.app/Contents/MacOS/\" -f \"${SRCROOT}/../../mozilla-universal-darwin.tgz\"\n\n# Copy in the built libllmozlib.dylib\ncp \"${SRCROOT}/../../build/Release/libllmozlib.dylib\" \"${BUILT_PRODUCTS_DIR}/${PRODUCT_NAME}.app/Contents/MacOS/\"\n";
		};
/* End PBXShellScriptBuildPhase section */

/* Begin PBXSourcesBuildPhase section */
		99D0701F0AB0C8C800304A3E /* Sources */ = {
			isa = PBXSourcesBuildPhase;
			buildActionMask = 2147483647;
			files = (
				99D070310AB0C96700304A3E /* app.cpp in Sources */,
				99D070320AB0C96700304A3E /* ubrowser.cpp in Sources */,
			);
			runOnlyForDeploymentPostprocessing = 0;
		};
/* End PBXSourcesBuildPhase section */

/* Begin XCBuildConfiguration section */
		99D070170AB0C8AC00304A3E /* Debug */ = {
			isa = XCBuildConfiguration;
			buildSettings = {
				COPY_PHASE_STRIP = NO;
				HEADER_SEARCH_PATHS = (
					"../../../glui-2.35/src/include/GL/",
					../../,
				);
				SDKROOT = /Developer/SDKs/MacOSX10.4u.sdk;
			};
			name = Debug;
		};
		99D070180AB0C8AC00304A3E /* Release */ = {
			isa = XCBuildConfiguration;
			buildSettings = {
				ARCHS = (
					ppc,
					i386,
				);
				COPY_PHASE_STRIP = YES;
				HEADER_SEARCH_PATHS = (
					"../../../glui-2.35/src/include/GL/",
					../../,
				);
				SDKROOT = /Developer/SDKs/MacOSX10.4u.sdk;
			};
			name = Release;
		};
		99D070270AB0C8C900304A3E /* Debug */ = {
			isa = XCBuildConfiguration;
			buildSettings = {
				COPY_PHASE_STRIP = NO;
				GCC_DYNAMIC_NO_PIC = NO;
				GCC_ENABLE_FIX_AND_CONTINUE = YES;
				GCC_GENERATE_DEBUGGING_SYMBOLS = YES;
				GCC_MODEL_TUNING = G5;
				GCC_OPTIMIZATION_LEVEL = 0;
				GCC_PRECOMPILE_PREFIX_HEADER = NO;
				GCC_PREFIX_HEADER = "";
				INFOPLIST_FILE = "ubrowser-Info.plist";
				INSTALL_PATH = "$(HOME)/Applications";
				LIBRARY_SEARCH_PATHS = (
					"../../../glui-2.35/src/lib",
					../../build/Release_stub/,
				);
				OTHER_LDFLAGS = (
					"-framework",
					Foundation,
					"-framework",
					Carbon,
					"-framework",
					OpenGL,
					"-framework",
					GLUT,
					"-lglui",
					"-lllmozlib",
				);
				PREBINDING = NO;
				PRODUCT_NAME = ubrowser;
				WRAPPER_EXTENSION = app;
				ZERO_LINK = NO;
			};
			name = Debug;
		};
		99D070280AB0C8C900304A3E /* Release */ = {
			isa = XCBuildConfiguration;
			buildSettings = {
				ARCHS = (
					ppc,
					i386,
				);
				COPY_PHASE_STRIP = YES;
				GCC_ENABLE_FIX_AND_CONTINUE = NO;
				GCC_GENERATE_DEBUGGING_SYMBOLS = NO;
				GCC_MODEL_TUNING = G5;
				GCC_PRECOMPILE_PREFIX_HEADER = NO;
				GCC_PREFIX_HEADER = "";
				HEADER_SEARCH_PATHS = (
					"glui-2.35/src/include/GL/",
					../../,
				);
				INFOPLIST_FILE = "ubrowser-Info.plist";
				INSTALL_PATH = "$(HOME)/Applications";
				LIBRARY_SEARCH_PATHS = (
					"glui-2.35/src/lib",
					../../build/Release_stub/,
				);
				OTHER_LDFLAGS = (
					"-framework",
					Foundation,
					"-framework",
					Carbon,
					"-framework",
					OpenGL,
					"-framework",
					GLUT,
					"-lglui",
					"-lllmozlib",
				);
				PREBINDING = NO;
				PRODUCT_NAME = ubrowser;
				WRAPPER_EXTENSION = app;
				ZERO_LINK = NO;
			};
			name = Release;
		};
/* End XCBuildConfiguration section */

/* Begin XCConfigurationList section */
		99D070160AB0C8AC00304A3E /* Build configuration list for PBXProject "ubrowser" */ = {
			isa = XCConfigurationList;
			buildConfigurations = (
				99D070170AB0C8AC00304A3E /* Debug */,
				99D070180AB0C8AC00304A3E /* Release */,
			);
			defaultConfigurationIsVisible = 0;
			defaultConfigurationName = Release;
		};
		99D070260AB0C8C900304A3E /* Build configuration list for PBXNativeTarget "ubrowser" */ = {
			isa = XCConfigurationList;
			buildConfigurations = (
				99D070270AB0C8C900304A3E /* Debug */,
				99D070280AB0C8C900304A3E /* Release */,
			);
			defaultConfigurationIsVisible = 0;
			defaultConfigurationName = Release;
		};
/* End XCConfigurationList section */
	};
	rootObject = 99D070150AB0C8AC00304A3E /* Project object */;
}
