// !$*UTF8*$!
{
	archiveVersion = 1;
	classes = {
	};
	objectVersion = 42;
	objects = {

/* Begin PBXBuildFile section */
		994AD6C10A8013E800061DFB /* llmozlib2_stub.c in Sources */ = {isa = PBXBuildFile; fileRef = 994AD6C00A8013E800061DFB /* llmozlib2_stub.c */; };
		9951589B0EE8BA030040F5E4 /* llwebpage.cpp in Sources */ = {isa = PBXBuildFile; fileRef = 9951589A0EE8BA030040F5E4 /* llwebpage.cpp */; };
		9951589E0EE8BA130040F5E4 /* moc_llwebpage.cpp in Sources */ = {isa = PBXBuildFile; fileRef = 9951589D0EE8BA130040F5E4 /* moc_llwebpage.cpp */; };
		99CCFC840A76AC7500ED39DE /* llembeddedbrowser.cpp in Sources */ = {isa = PBXBuildFile; fileRef = 99CCFC7E0A76AC7500ED39DE /* llembeddedbrowser.cpp */; };
		99CCFC870A76AC7500ED39DE /* llmozlib2.cpp in Sources */ = {isa = PBXBuildFile; fileRef = 99CCFC810A76AC7500ED39DE /* llmozlib2.cpp */; };
		99CCFC880A76AC7500ED39DE /* llembeddedbrowserwindow.cpp in Sources */ = {isa = PBXBuildFile; fileRef = 99CCFC820A76AC7500ED39DE /* llembeddedbrowserwindow.cpp */; };
/* End PBXBuildFile section */

/* Begin PBXFileReference section */
		994ACE690A7FEDAF00061DFB /* llmozlib2.exp */ = {isa = PBXFileReference; fileEncoding = 30; lastKnownFileType = sourcecode.exports; path = llmozlib2.exp; sourceTree = SOURCE_ROOT; };
		994AD6B30A80123C00061DFB /* libllmozlib2.dylib */ = {isa = PBXFileReference; explicitFileType = "compiled.mach-o.dylib"; includeInIndex = 0; path = libllmozlib2.dylib; sourceTree = BUILT_PRODUCTS_DIR; };
		994AD6C00A8013E800061DFB /* llmozlib2_stub.c */ = {isa = PBXFileReference; fileEncoding = 30; lastKnownFileType = sourcecode.c.c; path = llmozlib2_stub.c; sourceTree = "<group>"; };
		9951589A0EE8BA030040F5E4 /* llwebpage.cpp */ = {isa = PBXFileReference; fileEncoding = 4; lastKnownFileType = sourcecode.cpp.cpp; path = llwebpage.cpp; sourceTree = SOURCE_ROOT; };
		9951589D0EE8BA130040F5E4 /* moc_llwebpage.cpp */ = {isa = PBXFileReference; fileEncoding = 4; lastKnownFileType = sourcecode.cpp.cpp; path = moc_llwebpage.cpp; sourceTree = SOURCE_ROOT; };
		99CCFC7E0A76AC7500ED39DE /* llembeddedbrowser.cpp */ = {isa = PBXFileReference; fileEncoding = 30; lastKnownFileType = sourcecode.cpp.cpp; path = llembeddedbrowser.cpp; sourceTree = SOURCE_ROOT; };
		99CCFC7F0A76AC7500ED39DE /* llembeddedbrowser.h */ = {isa = PBXFileReference; fileEncoding = 30; lastKnownFileType = sourcecode.c.h; path = llembeddedbrowser.h; sourceTree = SOURCE_ROOT; };
		99CCFC800A76AC7500ED39DE /* llembeddedbrowserwindow.h */ = {isa = PBXFileReference; fileEncoding = 30; lastKnownFileType = sourcecode.c.h; path = llembeddedbrowserwindow.h; sourceTree = SOURCE_ROOT; };
		99CCFC810A76AC7500ED39DE /* llmozlib2.cpp */ = {isa = PBXFileReference; fileEncoding = 30; lastKnownFileType = sourcecode.cpp.cpp; path = llmozlib2.cpp; sourceTree = "<group>"; };
		99CCFC820A76AC7500ED39DE /* llembeddedbrowserwindow.cpp */ = {isa = PBXFileReference; fileEncoding = 30; lastKnownFileType = sourcecode.cpp.cpp; path = llembeddedbrowserwindow.cpp; sourceTree = SOURCE_ROOT; };
		99CCFC830A76AC7500ED39DE /* llmozlib2.h */ = {isa = PBXFileReference; fileEncoding = 30; lastKnownFileType = sourcecode.c.h; path = llmozlib2.h; sourceTree = "<group>"; };
		D2AAC0630554660B00DB518D /* libllmozlib2.dylib */ = {isa = PBXFileReference; explicitFileType = "compiled.mach-o.dylib"; includeInIndex = 0; path = libllmozlib2.dylib; sourceTree = BUILT_PRODUCTS_DIR; };
/* End PBXFileReference section */

/* Begin PBXFrameworksBuildPhase section */
		994AD6B10A80123C00061DFB /* Frameworks */ = {
			isa = PBXFrameworksBuildPhase;
			buildActionMask = 2147483647;
			files = (
			);
			runOnlyForDeploymentPostprocessing = 0;
		};
		D289988505E68E00004EDB86 /* Frameworks */ = {
			isa = PBXFrameworksBuildPhase;
			buildActionMask = 2147483647;
			files = (
			);
			runOnlyForDeploymentPostprocessing = 0;
		};
/* End PBXFrameworksBuildPhase section */

/* Begin PBXGroup section */
		08FB7794FE84155DC02AAC07 /* llmozlib */ = {
			isa = PBXGroup;
			children = (
				08FB7795FE84155DC02AAC07 /* Source */,
				994ACE690A7FEDAF00061DFB /* llmozlib2.exp */,
				1AB674ADFE9D54B511CA2CBB /* Products */,
				99CCFCA80A76AD4500ED39DE /* External Libraries */,
			);
			name = llmozlib;
			sourceTree = "<group>";
		};
		08FB7795FE84155DC02AAC07 /* Source */ = {
			isa = PBXGroup;
			children = (
				99CCFC7E0A76AC7500ED39DE /* llembeddedbrowser.cpp */,
				99CCFC7F0A76AC7500ED39DE /* llembeddedbrowser.h */,
				99CCFC800A76AC7500ED39DE /* llembeddedbrowserwindow.h */,
				99CCFC810A76AC7500ED39DE /* llmozlib2.cpp */,
				99CCFC820A76AC7500ED39DE /* llembeddedbrowserwindow.cpp */,
				99CCFC830A76AC7500ED39DE /* llmozlib2.h */,
				9951589A0EE8BA030040F5E4 /* llwebpage.cpp */,
				9951589D0EE8BA130040F5E4 /* moc_llwebpage.cpp */,
				994AD6C00A8013E800061DFB /* llmozlib2_stub.c */,
			);
			name = Source;
			sourceTree = "<group>";
		};
		1AB674ADFE9D54B511CA2CBB /* Products */ = {
			isa = PBXGroup;
			children = (
				D2AAC0630554660B00DB518D /* libllmozlib2.dylib */,
				994AD6B30A80123C00061DFB /* libllmozlib2.dylib */,
			);
			name = Products;
			sourceTree = "<group>";
		};
		99CCFCA80A76AD4500ED39DE /* External Libraries */ = {
			isa = PBXGroup;
			children = (
			);
			name = "External Libraries";
			sourceTree = "<group>";
		};
/* End PBXGroup section */

/* Begin PBXHeadersBuildPhase section */
		994AD6AF0A80123C00061DFB /* Headers */ = {
			isa = PBXHeadersBuildPhase;
			buildActionMask = 2147483647;
			files = (
			);
			runOnlyForDeploymentPostprocessing = 0;
		};
/* End PBXHeadersBuildPhase section */

/* Begin PBXNativeTarget section */
		994AD6B20A80123C00061DFB /* llmozlib2_stub */ = {
			isa = PBXNativeTarget;
			buildConfigurationList = 994AD6B60A80125900061DFB /* Build configuration list for PBXNativeTarget "llmozlib2_stub" */;
			buildPhases = (
				994AD6BA0A8013AA00061DFB /* ShellScript */,
				994AD6AF0A80123C00061DFB /* Headers */,
				994AD6B00A80123C00061DFB /* Sources */,
				994AD6B10A80123C00061DFB /* Frameworks */,
			);
			buildRules = (
			);
			dependencies = (
			);
			name = llmozlib2_stub;
			productName = llmozlib_stub;
			productReference = 994AD6B30A80123C00061DFB /* libllmozlib2.dylib */;
			productType = "com.apple.product-type.library.dynamic";
		};
		D2AAC0620554660B00DB518D /* llmozlib2 */ = {
			isa = PBXNativeTarget;
			buildConfigurationList = 1DEB914A08733D8E0010E9CD /* Build configuration list for PBXNativeTarget "llmozlib2" */;
			buildPhases = (
				99515FE60EEF3A480040F5E4 /* ShellScript */,
				D2AAC0610554660B00DB518D /* Sources */,
				D289988505E68E00004EDB86 /* Frameworks */,
			);
			buildRules = (
			);
			dependencies = (
			);
			name = llmozlib2;
			productName = llmozlib;
			productReference = D2AAC0630554660B00DB518D /* libllmozlib2.dylib */;
			productType = "com.apple.product-type.library.dynamic";
		};
/* End PBXNativeTarget section */

/* Begin PBXProject section */
		08FB7793FE84155DC02AAC07 /* Project object */ = {
			isa = PBXProject;
			buildConfigurationList = 1DEB914E08733D8E0010E9CD /* Build configuration list for PBXProject "llmozlib2" */;
			compatibilityVersion = "Xcode 2.4";
			hasScannedForEncodings = 1;
			mainGroup = 08FB7794FE84155DC02AAC07 /* llmozlib */;
			projectDirPath = "";
			projectRoot = "";
			targets = (
				D2AAC0620554660B00DB518D /* llmozlib2 */,
				994AD6B20A80123C00061DFB /* llmozlib2_stub */,
			);
		};
/* End PBXProject section */

/* Begin PBXShellScriptBuildPhase section */
		994AD6BA0A8013AA00061DFB /* ShellScript */ = {
			isa = PBXShellScriptBuildPhase;
			buildActionMask = 2147483647;
			files = (
			);
			inputPaths = (
				"$(SRCROOT)/llmozlib.exp",
			);
			outputPaths = (
				"$(SRCROOT)/llmozlib_stub.c",
			);
			runOnlyForDeploymentPostprocessing = 0;
			shellPath = /bin/sh;
			shellScript = "# Create llmozlib_stub.c from the exports file\nsed -e 's/^_\\(.*\\)/void \\1 (void) {} /' -e 's/^\\(#.*\\)/\\/\\* \\1 \\*\\//' <llmozlib2.exp >llmozlib2_stub.c";
		};
		99515FE60EEF3A480040F5E4 /* ShellScript */ = {
			isa = PBXShellScriptBuildPhase;
			buildActionMask = 2147483647;
			files = (
			);
			inputPaths = (
			);
			outputPaths = (
			);
			runOnlyForDeploymentPostprocessing = 0;
			shellPath = /bin/sh;
			shellScript = "QTDIR/bin/moc llwebpage.h -o moc_llwebpage.cpp";
		};
/* End PBXShellScriptBuildPhase section */

/* Begin PBXSourcesBuildPhase section */
		994AD6B00A80123C00061DFB /* Sources */ = {
			isa = PBXSourcesBuildPhase;
			buildActionMask = 2147483647;
			files = (
				994AD6C10A8013E800061DFB /* llmozlib2_stub.c in Sources */,
			);
			runOnlyForDeploymentPostprocessing = 0;
		};
		D2AAC0610554660B00DB518D /* Sources */ = {
			isa = PBXSourcesBuildPhase;
			buildActionMask = 2147483647;
			files = (
				99CCFC840A76AC7500ED39DE /* llembeddedbrowser.cpp in Sources */,
				99CCFC870A76AC7500ED39DE /* llmozlib2.cpp in Sources */,
				99CCFC880A76AC7500ED39DE /* llembeddedbrowserwindow.cpp in Sources */,
				9951589B0EE8BA030040F5E4 /* llwebpage.cpp in Sources */,
				9951589E0EE8BA130040F5E4 /* moc_llwebpage.cpp in Sources */,
			);
			runOnlyForDeploymentPostprocessing = 0;
		};
/* End PBXSourcesBuildPhase section */

/* Begin XCBuildConfiguration section */
		1DEB914B08733D8E0010E9CD /* Debug */ = {
			isa = XCBuildConfiguration;
			buildSettings = {
				COPY_PHASE_STRIP = NO;
				EXECUTABLE_PREFIX = lib;
				EXPORTED_SYMBOLS_FILE = llmozlib2.exp;
				GCC_DYNAMIC_NO_PIC = NO;
				GCC_ENABLE_FIX_AND_CONTINUE = YES;
				GCC_INLINES_ARE_PRIVATE_EXTERN = NO;
				GCC_MODEL_TUNING = G5;
				GCC_OPTIMIZATION_LEVEL = 0;
				GCC_PREPROCESSOR_DEFINITIONS = "MOZILLA_INTERNAL_API=1";
				GCC_SYMBOLS_PRIVATE_EXTERN = NO;
				HEADER_SEARCH_PATHS = (
					"$(HEADER_SEARCH_PATHS)",
					"$(SRCROOT)/QTDIR/include/",
				);
				INSTALL_PATH = "@executable_path/";
				LIBRARY_SEARCH_PATHS = (
					"$(BUILT_PRODUCTS_DIR)",
					"$(LIBRARY_SEARCH_PATHS)",
					"$(SRCROOT)/QTDIR/lib/",
					"$(SRCROOT)/QTDIR/plugins/imageformats/",
					"$(SRCROOT)/QTDIR/src/3rdparty/webkit/JavaScriptCore",
				);
				MACOSX_DEPLOYMENT_TARGET_i386 = 10.4;
				MACOSX_DEPLOYMENT_TARGET_ppc = 10.3;
				OTHER_LDFLAGS = (
					"-lqico",
					"-lqtiff",
					"-lqsvg",
					"-lQtSVG",
					"-lqjpeg",
					"-lqgif",
					"-lQtWebKit",
					"-lQtNetwork",
					"-lQtOpenGL",
					"-lQtGui",
					"-lQtCore",
					"-lJavaScriptCore",
					"-framework",
					ApplicationServices,
					"-framework",
					AppKit,
					"-framework",
					Carbon,
					"-framework",
					OpenGL,
					"-framework",
					AGL,
					"-lz",
				);
				PRESERVE_DEAD_CODE_INITS_AND_TERMS = YES;
				PRODUCT_NAME = llmozlib2;
				UNEXPORTED_SYMBOLS_FILE = "";
				ZERO_LINK = YES;
			};
			name = Debug;
		};
		1DEB914C08733D8E0010E9CD /* Release */ = {
			isa = XCBuildConfiguration;
			buildSettings = {
				EXECUTABLE_PREFIX = lib;
				EXPORTED_SYMBOLS_FILE = llmozlib2.exp;
				GCC_GENERATE_DEBUGGING_SYMBOLS = NO;
				GCC_INLINES_ARE_PRIVATE_EXTERN = NO;
				GCC_MODEL_TUNING = G5;
				GCC_PREPROCESSOR_DEFINITIONS = "MOZILLA_INTERNAL_API=1";
				GCC_SYMBOLS_PRIVATE_EXTERN = YES;
				HEADER_SEARCH_PATHS = (
					"$(HEADER_SEARCH_PATHS)",
					"$(SRCROOT)/QTDIR/include/",
				);
				INSTALL_PATH = "@executable_path/";
				LIBRARY_SEARCH_PATHS = (
					"$(BUILT_PRODUCTS_DIR)",
					"$(LIBRARY_SEARCH_PATHS)",
					"$(SRCROOT)/QTDIR/lib/",
					"$(SRCROOT)/QTDIR/plugins/imageformats/",
					"$(SRCROOT)/QTDIR/src/3rdparty/webkit/JavaScriptCore",
				);
				MACOSX_DEPLOYMENT_TARGET_i386 = 10.4;
				MACOSX_DEPLOYMENT_TARGET_ppc = 10.3;
				OTHER_LDFLAGS = (
					"-lqico",
					"-lqtiff",
					"-lqsvg",
					"-lQtSVG",
					"-lqjpeg",
					"-lqgif",
					"-lQtWebKit",
					"-lQtNetwork",
					"-lQtOpenGL",
					"-lQtGui",
					"-lQtCore",
					"-lJavaScriptCore",
					"-framework",
					ApplicationServices,
					"-framework",
					AppKit,
					"-framework",
					Carbon,
					"-framework",
					OpenGL,
					"-framework",
					AGL,
					"-lz",
				);
				PRESERVE_DEAD_CODE_INITS_AND_TERMS = YES;
				PRODUCT_NAME = llmozlib2;
				UNEXPORTED_SYMBOLS_FILE = "";
			};
			name = Release;
		};
		1DEB914F08733D8E0010E9CD /* Debug */ = {
			isa = XCBuildConfiguration;
			buildSettings = {
				ARCHS = (
					ppc,
					i386,
				);
				GCC_WARN_ABOUT_RETURN_TYPE = YES;
				GCC_WARN_UNUSED_VARIABLE = YES;
				OTHER_CFLAGS = "-DLL_DARWIN=1";
				PREBINDING = NO;
				SDKROOT = /Developer/SDKs/MacOSX10.4u.sdk;
			};
			name = Debug;
		};
		1DEB915008733D8E0010E9CD /* Release */ = {
			isa = XCBuildConfiguration;
			buildSettings = {
				ARCHS = (
					ppc,
					i386,
				);
				GCC_WARN_ABOUT_RETURN_TYPE = YES;
				GCC_WARN_UNUSED_VARIABLE = YES;
				OTHER_CFLAGS = "-DLL_DARWIN=1";
				PREBINDING = NO;
				SDKROOT = /Developer/SDKs/MacOSX10.4u.sdk;
			};
			name = Release;
		};
		994AD6B70A80125900061DFB /* Debug */ = {
			isa = XCBuildConfiguration;
			buildSettings = {
				CONFIGURATION_BUILD_DIR = "$(BUILD_DIR)/$(CONFIGURATION)_stub";
				CONFIGURATION_TEMP_DIR = "$(PROJECT_TEMP_DIR)/$(CONFIGURATION)_stub";
				COPY_PHASE_STRIP = NO;
				EXECUTABLE_PREFIX = lib;
				GCC_DYNAMIC_NO_PIC = NO;
				GCC_ENABLE_FIX_AND_CONTINUE = YES;
				GCC_GENERATE_DEBUGGING_SYMBOLS = YES;
				GCC_MODEL_TUNING = G5;
				GCC_OPTIMIZATION_LEVEL = 0;
				INSTALL_PATH = /usr/local/lib;
				PREBINDING = NO;
				PRODUCT_NAME = llmozlib2;
				SYMROOT = build;
				ZERO_LINK = YES;
			};
			name = Debug;
		};
		994AD6B80A80125900061DFB /* Release */ = {
			isa = XCBuildConfiguration;
			buildSettings = {
				CONFIGURATION_BUILD_DIR = "$(BUILD_DIR)/$(CONFIGURATION)_stub";
				CONFIGURATION_TEMP_DIR = "$(PROJECT_TEMP_DIR)/$(CONFIGURATION)_stub";
				COPY_PHASE_STRIP = YES;
				EXECUTABLE_PREFIX = lib;
				GCC_ENABLE_FIX_AND_CONTINUE = NO;
				GCC_GENERATE_DEBUGGING_SYMBOLS = NO;
				GCC_MODEL_TUNING = G5;
				INSTALL_PATH = "@executable_path/";
				OTHER_LDFLAGS = "";
				PREBINDING = NO;
				PRODUCT_NAME = llmozlib2;
				SYMROOT = build;
				ZERO_LINK = NO;
			};
			name = Release;
		};
		997107800B4D802200395272 /* All Symbols */ = {
			isa = XCBuildConfiguration;
			buildSettings = {
				CONFIGURATION_BUILD_DIR = "$(BUILD_DIR)/$(CONFIGURATION)_stub";
				CONFIGURATION_TEMP_DIR = "$(PROJECT_TEMP_DIR)/$(CONFIGURATION)_stub";
				COPY_PHASE_STRIP = YES;
				EXECUTABLE_PREFIX = lib;
				GCC_ENABLE_FIX_AND_CONTINUE = NO;
				GCC_GENERATE_DEBUGGING_SYMBOLS = NO;
				GCC_MODEL_TUNING = G5;
				INSTALL_PATH = "@executable_path/";
				OTHER_LDFLAGS = "";
				PREBINDING = NO;
				PRODUCT_NAME = llmozlib2;
				SYMROOT = build;
				ZERO_LINK = NO;
			};
			name = "All Symbols";
		};
		997107810B4D802200395272 /* All Symbols */ = {
			isa = XCBuildConfiguration;
			buildSettings = {
				EXECUTABLE_PREFIX = lib;
				EXPORTED_SYMBOLS_FILE = "";
				GCC_GENERATE_DEBUGGING_SYMBOLS = NO;
				GCC_INLINES_ARE_PRIVATE_EXTERN = NO;
				GCC_MODEL_TUNING = G5;
				GCC_PREPROCESSOR_DEFINITIONS = "MOZILLA_INTERNAL_API=1";
				GCC_SYMBOLS_PRIVATE_EXTERN = YES;
				HEADER_SEARCH_PATHS = (
					"$(HEADER_SEARCH_PATHS)",
					"$(SRCROOT)/QTDIR/include/",
				);
				INSTALL_PATH = "@executable_path/";
				LIBRARY_SEARCH_PATHS = (
					"$(BUILT_PRODUCTS_DIR)",
					"$(LIBRARY_SEARCH_PATHS)",
					"$(SRCROOT)/QTDIR/lib/",
					"$(SRCROOT)/QTDIR/plugins/imageformats/",
					"$(SRCROOT)/QTDIR/src/3rdparty/webkit/JavaScriptCore",
				);
				MACOSX_DEPLOYMENT_TARGET_i386 = 10.4;
				MACOSX_DEPLOYMENT_TARGET_ppc = 10.3;
				OTHER_LDFLAGS = (
					"-lqico",
					"-lqtiff",
					"-lqsvg",
					"-lQtSVG",
					"-lqjpeg",
					"-lqgif",
					"-lQtWebKit",
					"-lQtNetwork",
					"-lQtOpenGL",
					"-lQtGui",
					"-lQtCore",
					"-lJavaScriptCore",
					"-framework",
					ApplicationServices,
					"-framework",
					AppKit,
					"-framework",
					Carbon,
					"-framework",
					OpenGL,
					"-framework",
					AGL,
					"-lz",
				);
				PRESERVE_DEAD_CODE_INITS_AND_TERMS = YES;
				PRODUCT_NAME = llmozlib2;
				UNEXPORTED_SYMBOLS_FILE = "";
			};
			name = "All Symbols";
		};
		997107820B4D802200395272 /* All Symbols */ = {
			isa = XCBuildConfiguration;
			buildSettings = {
				ARCHS = (
					ppc,
					i386,
				);
				GCC_WARN_ABOUT_RETURN_TYPE = YES;
				GCC_WARN_UNUSED_VARIABLE = YES;
				OTHER_CFLAGS = "-DLL_DARWIN=1";
				PREBINDING = NO;
				SDKROOT = /Developer/SDKs/MacOSX10.4u.sdk;
			};
			name = "All Symbols";
		};
/* End XCBuildConfiguration section */

/* Begin XCConfigurationList section */
		1DEB914A08733D8E0010E9CD /* Build configuration list for PBXNativeTarget "llmozlib2" */ = {
			isa = XCConfigurationList;
			buildConfigurations = (
				1DEB914B08733D8E0010E9CD /* Debug */,
				1DEB914C08733D8E0010E9CD /* Release */,
				997107810B4D802200395272 /* All Symbols */,
			);
			defaultConfigurationIsVisible = 0;
			defaultConfigurationName = Release;
		};
		1DEB914E08733D8E0010E9CD /* Build configuration list for PBXProject "llmozlib2" */ = {
			isa = XCConfigurationList;
			buildConfigurations = (
				1DEB914F08733D8E0010E9CD /* Debug */,
				1DEB915008733D8E0010E9CD /* Release */,
				997107820B4D802200395272 /* All Symbols */,
			);
			defaultConfigurationIsVisible = 0;
			defaultConfigurationName = Release;
		};
		994AD6B60A80125900061DFB /* Build configuration list for PBXNativeTarget "llmozlib2_stub" */ = {
			isa = XCConfigurationList;
			buildConfigurations = (
				994AD6B70A80125900061DFB /* Debug */,
				994AD6B80A80125900061DFB /* Release */,
				997107800B4D802200395272 /* All Symbols */,
			);
			defaultConfigurationIsVisible = 0;
			defaultConfigurationName = Release;
		};
/* End XCConfigurationList section */
	};
	rootObject = 08FB7793FE84155DC02AAC07 /* Project object */;
}
